
Microsoft Visual Studio Solution File, Format Version 12.00
# Visual Studio Version 17
VisualStudioVersion = 17.8.34330.188
MinimumVisualStudioVersion = 10.0.40219.1
Project("{9A19103F-16F7-4668-BE54-9A1E7A4F7556}") = "ObjectOrientedProgramming", "ObjectOrientedProgramming\ObjectOrientedProgramming.csproj", "{59AB190A-C144-43F4-8A5B-90DFEAB74358}"
EndProject
Project("{9A19103F-16F7-4668-BE54-9A1E7A4F7556}") = "TestUIConsole", "TestUIConsole\TestUIConsole.csproj", "{6C642D2C-D291-41F4-9D22-7DCF6724F4AC}"
EndProject
Project("{9A19103F-16F7-4668-BE54-9A1E7A4F7556}") = "Relational DBM", "RelationDataBaseSystem\Relational DBM.csproj", "{002CB06F-7024-4327-BB3C-8038860EE79D}"
EndProject
Project("{9A19103F-16F7-4668-BE54-9A1E7A4F7556}") = "Document-Oriented DBM", "Document-Oriented Database\Document-Oriented DBM.csproj", "{6BEDB9DF-B245-4BDC-B176-C62C91253FBC}"
EndProject
Project("{2150E333-8FDC-42A3-9474-1A3956D46DE8}") = "Computer Networs And Distributed System", "Computer Networs And Distributed System", "{C1676EF3-CD9A-4DDC-8D16-7B6D672BEF4A}"
EndProject
Project("{9A19103F-16F7-4668-BE54-9A1E7A4F7556}") = "P2PChat", "..\P2P Network Simulation\P2PChat.csproj", "{F44E75CF-9D92-48DC-A48B-1E712BC99E20}"
EndProject
Project("{9A19103F-16F7-4668-BE54-9A1E7A4F7556}") = "P2PChatApp", "..\P2PChatApp\P2PChatApp.csproj", "{BB9A3EE5-C97B-4899-842B-F770A5EF443B}"
EndProject
Project("{2150E333-8FDC-42A3-9474-1A3956D46DE8}") = "Crytography and Data Security", "Crytography and Data Security", "{66E83980-BF6F-4603-9DF0-3EDD90F9BACC}"
EndProject
Project("{9A19103F-16F7-4668-BE54-9A1E7A4F7556}") = "AES Encrytion and Decryption", "..\AES Encrytion and Decryption\AES Encrytion and Decryption.csproj", "{64A22A87-6A51-4B06-8F2F-DB60390FDFE9}"
EndProject
Project("{9A19103F-16F7-4668-BE54-9A1E7A4F7556}") = "AESEncrption", "..\AESEncrption\AESEncrption.csproj", "{288EB2FC-33C6-40E4-9538-355BDE85806C}"
EndProject
Project("{2150E333-8FDC-42A3-9474-1A3956D46DE8}") = "IoT Device", "IoT Device", "{13491C87-233B-4C13-9205-D8E6EBE2D252}"
EndProject
Project("{9A19103F-16F7-4668-BE54-9A1E7A4F7556}") = "IoTDevice", "..\IoTDevice\IoTDevice.csproj", "{EA85040E-4173-4E17-8577-3FF9FE8A3C12}"
EndProject
Project("{9A19103F-16F7-4668-BE54-9A1E7A4F7556}") = "IoTServer", "..\IoTServer\IoTServer.csproj", "{3EE731D9-F716-4BBE-86F6-E0851D4E52DD}"
EndProject
Project("{9A19103F-16F7-4668-BE54-9A1E7A4F7556}") = "IoT Device Simulator", "..\IoT Device Simulator\IoT Device Simulator.csproj", "{015E86BF-5DB9-415D-BCDE-BBC010B94F7B}"
EndProject
Project("{2150E333-8FDC-42A3-9474-1A3956D46DE8}") = "Object-Oriented Programming", "Object-Oriented Programming", "{C65CA963-740A-4EED-98D1-CBD2AE1A6F5F}"
EndProject
Project("{2150E333-8FDC-42A3-9474-1A3956D46DE8}") = "DATABASE SYSTEMS", "DATABASE SYSTEMS", "{7071596E-8498-4233-9DC5-A09024314AE0}"
EndProject
Project("{9A19103F-16F7-4668-BE54-9A1E7A4F7556}") = "MyWebApp.Api", "..\MyWebApp.Api\MyWebApp.Api.csproj", "{43CB64F6-CEBF-4090-A95C-4272DE183FDC}"
EndProject
Project("{2150E333-8FDC-42A3-9474-1A3956D46DE8}") = "Docker and Kubernetes", "Docker and Kubernetes", "{409DB5CC-B52E-4568-A1CD-A84B9B24E975}"
EndProject
Project("{9A19103F-16F7-4668-BE54-9A1E7A4F7556}") = "MyWebApp", "..\MyWebApp\MyWebApp.csproj", "{189B9030-75BC-4C0F-85F4-2BBC383BD64A}"
EndProject
Project("{FAE04EC0-301F-11D3-BF4B-00C04F79EFBC}") = "MyWebApp2", "MyWebApp2\MyWebApp2.csproj", "{6A8D76E8-8395-4AAE-ADC9-A604B51E2255}"
EndProject
Project("{E53339B2-1760-4266-BCC7-CA923CBCF16C}") = "docker-compose", "docker-compose.dcproj", "{59F39E20-88BF-4D19-9BEF-79953AF198F5}"
EndProject
Global
	GlobalSection(SolutionConfigurationPlatforms) = preSolution
		Debug|Any CPU = Debug|Any CPU
		Release|Any CPU = Release|Any CPU
	EndGlobalSection
	GlobalSection(ProjectConfigurationPlatforms) = postSolution
		{59AB190A-C144-43F4-8A5B-90DFEAB74358}.Debug|Any CPU.ActiveCfg = Debug|Any CPU
		{59AB190A-C144-43F4-8A5B-90DFEAB74358}.Debug|Any CPU.Build.0 = Debug|Any CPU
		{59AB190A-C144-43F4-8A5B-90DFEAB74358}.Release|Any CPU.ActiveCfg = Release|Any CPU
		{59AB190A-C144-43F4-8A5B-90DFEAB74358}.Release|Any CPU.Build.0 = Release|Any CPU
		{6C642D2C-D291-41F4-9D22-7DCF6724F4AC}.Debug|Any CPU.ActiveCfg = Debug|Any CPU
		{6C642D2C-D291-41F4-9D22-7DCF6724F4AC}.Debug|Any CPU.Build.0 = Debug|Any CPU
		{6C642D2C-D291-41F4-9D22-7DCF6724F4AC}.Release|Any CPU.ActiveCfg = Release|Any CPU
		{6C642D2C-D291-41F4-9D22-7DCF6724F4AC}.Release|Any CPU.Build.0 = Release|Any CPU
		{002CB06F-7024-4327-BB3C-8038860EE79D}.Debug|Any CPU.ActiveCfg = Debug|Any CPU
		{002CB06F-7024-4327-BB3C-8038860EE79D}.Debug|Any CPU.Build.0 = Debug|Any CPU
		{002CB06F-7024-4327-BB3C-8038860EE79D}.Release|Any CPU.ActiveCfg = Release|Any CPU
		{002CB06F-7024-4327-BB3C-8038860EE79D}.Release|Any CPU.Build.0 = Release|Any CPU
		{6BEDB9DF-B245-4BDC-B176-C62C91253FBC}.Debug|Any CPU.ActiveCfg = Debug|Any CPU
		{6BEDB9DF-B245-4BDC-B176-C62C91253FBC}.Debug|Any CPU.Build.0 = Debug|Any CPU
		{6BEDB9DF-B245-4BDC-B176-C62C91253FBC}.Release|Any CPU.ActiveCfg = Release|Any CPU
		{6BEDB9DF-B245-4BDC-B176-C62C91253FBC}.Release|Any CPU.Build.0 = Release|Any CPU
		{F44E75CF-9D92-48DC-A48B-1E712BC99E20}.Debug|Any CPU.ActiveCfg = Debug|Any CPU
		{F44E75CF-9D92-48DC-A48B-1E712BC99E20}.Debug|Any CPU.Build.0 = Debug|Any CPU
		{F44E75CF-9D92-48DC-A48B-1E712BC99E20}.Release|Any CPU.ActiveCfg = Release|Any CPU
		{F44E75CF-9D92-48DC-A48B-1E712BC99E20}.Release|Any CPU.Build.0 = Release|Any CPU
		{BB9A3EE5-C97B-4899-842B-F770A5EF443B}.Debug|Any CPU.ActiveCfg = Debug|Any CPU
		{BB9A3EE5-C97B-4899-842B-F770A5EF443B}.Debug|Any CPU.Build.0 = Debug|Any CPU
		{BB9A3EE5-C97B-4899-842B-F770A5EF443B}.Release|Any CPU.ActiveCfg = Release|Any CPU
		{BB9A3EE5-C97B-4899-842B-F770A5EF443B}.Release|Any CPU.Build.0 = Release|Any CPU
		{64A22A87-6A51-4B06-8F2F-DB60390FDFE9}.Debug|Any CPU.ActiveCfg = Debug|Any CPU
		{64A22A87-6A51-4B06-8F2F-DB60390FDFE9}.Debug|Any CPU.Build.0 = Debug|Any CPU
		{64A22A87-6A51-4B06-8F2F-DB60390FDFE9}.Release|Any CPU.ActiveCfg = Release|Any CPU
		{64A22A87-6A51-4B06-8F2F-DB60390FDFE9}.Release|Any CPU.Build.0 = Release|Any CPU
		{288EB2FC-33C6-40E4-9538-355BDE85806C}.Debug|Any CPU.ActiveCfg = Debug|Any CPU
		{288EB2FC-33C6-40E4-9538-355BDE85806C}.Debug|Any CPU.Build.0 = Debug|Any CPU
		{288EB2FC-33C6-40E4-9538-355BDE85806C}.Release|Any CPU.ActiveCfg = Release|Any CPU
		{288EB2FC-33C6-40E4-9538-355BDE85806C}.Release|Any CPU.Build.0 = Release|Any CPU
		{EA85040E-4173-4E17-8577-3FF9FE8A3C12}.Debug|Any CPU.ActiveCfg = Debug|Any CPU
		{EA85040E-4173-4E17-8577-3FF9FE8A3C12}.Debug|Any CPU.Build.0 = Debug|Any CPU
		{EA85040E-4173-4E17-8577-3FF9FE8A3C12}.Release|Any CPU.ActiveCfg = Release|Any CPU
		{EA85040E-4173-4E17-8577-3FF9FE8A3C12}.Release|Any CPU.Build.0 = Release|Any CPU
		{3EE731D9-F716-4BBE-86F6-E0851D4E52DD}.Debug|Any CPU.ActiveCfg = Debug|Any CPU
		{3EE731D9-F716-4BBE-86F6-E0851D4E52DD}.Debug|Any CPU.Build.0 = Debug|Any CPU
		{3EE731D9-F716-4BBE-86F6-E0851D4E52DD}.Release|Any CPU.ActiveCfg = Release|Any CPU
		{3EE731D9-F716-4BBE-86F6-E0851D4E52DD}.Release|Any CPU.Build.0 = Release|Any CPU
		{015E86BF-5DB9-415D-BCDE-BBC010B94F7B}.Debug|Any CPU.ActiveCfg = Debug|Any CPU
		{015E86BF-5DB9-415D-BCDE-BBC010B94F7B}.Debug|Any CPU.Build.0 = Debug|Any CPU
		{015E86BF-5DB9-415D-BCDE-BBC010B94F7B}.Release|Any CPU.ActiveCfg = Release|Any CPU
		{015E86BF-5DB9-415D-BCDE-BBC010B94F7B}.Release|Any CPU.Build.0 = Release|Any CPU
		{43CB64F6-CEBF-4090-A95C-4272DE183FDC}.Debug|Any CPU.ActiveCfg = Debug|Any CPU
		{43CB64F6-CEBF-4090-A95C-4272DE183FDC}.Debug|Any CPU.Build.0 = Debug|Any CPU
		{43CB64F6-CEBF-4090-A95C-4272DE183FDC}.Release|Any CPU.ActiveCfg = Release|Any CPU
		{43CB64F6-CEBF-4090-A95C-4272DE183FDC}.Release|Any CPU.Build.0 = Release|Any CPU
		{189B9030-75BC-4C0F-85F4-2BBC383BD64A}.Debug|Any CPU.ActiveCfg = Debug|Any CPU
		{189B9030-75BC-4C0F-85F4-2BBC383BD64A}.Debug|Any CPU.Build.0 = Debug|Any CPU
		{189B9030-75BC-4C0F-85F4-2BBC383BD64A}.Release|Any CPU.ActiveCfg = Release|Any CPU
		{189B9030-75BC-4C0F-85F4-2BBC383BD64A}.Release|Any CPU.Build.0 = Release|Any CPU
		{6A8D76E8-8395-4AAE-ADC9-A604B51E2255}.Debug|Any CPU.ActiveCfg = Debug|Any CPU
		{6A8D76E8-8395-4AAE-ADC9-A604B51E2255}.Debug|Any CPU.Build.0 = Debug|Any CPU
		{6A8D76E8-8395-4AAE-ADC9-A604B51E2255}.Release|Any CPU.ActiveCfg = Release|Any CPU
		{6A8D76E8-8395-4AAE-ADC9-A604B51E2255}.Release|Any CPU.Build.0 = Release|Any CPU
		{59F39E20-88BF-4D19-9BEF-79953AF198F5}.Debug|Any CPU.ActiveCfg = Debug|Any CPU
		{59F39E20-88BF-4D19-9BEF-79953AF198F5}.Debug|Any CPU.Build.0 = Debug|Any CPU
		{59F39E20-88BF-4D19-9BEF-79953AF198F5}.Release|Any CPU.ActiveCfg = Release|Any CPU
		{59F39E20-88BF-4D19-9BEF-79953AF198F5}.Release|Any CPU.Build.0 = Release|Any CPU
	EndGlobalSection
	GlobalSection(SolutionProperties) = preSolution
		HideSolutionNode = FALSE
	EndGlobalSection
	GlobalSection(NestedProjects) = preSolution
		{59AB190A-C144-43F4-8A5B-90DFEAB74358} = {C65CA963-740A-4EED-98D1-CBD2AE1A6F5F}
		{002CB06F-7024-4327-BB3C-8038860EE79D} = {7071596E-8498-4233-9DC5-A09024314AE0}
		{6BEDB9DF-B245-4BDC-B176-C62C91253FBC} = {7071596E-8498-4233-9DC5-A09024314AE0}
		{F44E75CF-9D92-48DC-A48B-1E712BC99E20} = {C1676EF3-CD9A-4DDC-8D16-7B6D672BEF4A}
		{BB9A3EE5-C97B-4899-842B-F770A5EF443B} = {C1676EF3-CD9A-4DDC-8D16-7B6D672BEF4A}
		{64A22A87-6A51-4B06-8F2F-DB60390FDFE9} = {66E83980-BF6F-4603-9DF0-3EDD90F9BACC}
		{288EB2FC-33C6-40E4-9538-355BDE85806C} = {66E83980-BF6F-4603-9DF0-3EDD90F9BACC}
		{EA85040E-4173-4E17-8577-3FF9FE8A3C12} = {13491C87-233B-4C13-9205-D8E6EBE2D252}
		{3EE731D9-F716-4BBE-86F6-E0851D4E52DD} = {13491C87-233B-4C13-9205-D8E6EBE2D252}
		{015E86BF-5DB9-415D-BCDE-BBC010B94F7B} = {13491C87-233B-4C13-9205-D8E6EBE2D252}
		{43CB64F6-CEBF-4090-A95C-4272DE183FDC} = {7071596E-8498-4233-9DC5-A09024314AE0}
		{189B9030-75BC-4C0F-85F4-2BBC383BD64A} = {409DB5CC-B52E-4568-A1CD-A84B9B24E975}
	EndGlobalSection
	GlobalSection(ExtensibilityGlobals) = postSolution
		SolutionGuid = {BF76E1AD-C657-475A-A0D0-ACF94B459783}
	EndGlobalSection
EndGlobal
